
Microsoft Visual Studio Solution File, Format Version 12.00
# Visual Studio Version 16
VisualStudioVersion = 16.0.29521.150
MinimumVisualStudioVersion = 10.0.40219.1
Project("{FAE04EC0-301F-11D3-BF4B-00C04F79EFBC}") = "Curs 5 C Mentee", "Curs 5 C Mentee\Curs 5 C Mentee.csproj", "{2760F85C-F711-4EEF-BD01-5F179F9DD80A}"
EndProject
Global
	GlobalSection(SolutionConfigurationPlatforms) = preSolution
		Debug|Any CPU = Debug|Any CPU
		Release|Any CPU = Release|Any CPU
	EndGlobalSection
	GlobalSection(ProjectConfigurationPlatforms) = postSolution
		{2760F85C-F711-4EEF-BD01-5F179F9DD80A}.Debug|Any CPU.ActiveCfg = Debug|Any CPU
		{2760F85C-F711-4EEF-BD01-5F179F9DD80A}.Debug|Any CPU.Build.0 = Debug|Any CPU
		{2760F85C-F711-4EEF-BD01-5F179F9DD80A}.Release|Any CPU.ActiveCfg = Release|Any CPU
		{2760F85C-F711-4EEF-BD01-5F179F9DD80A}.Release|Any CPU.Build.0 = Release|Any CPU
	EndGlobalSection
	GlobalSection(SolutionProperties) = preSolution
		HideSolutionNode = FALSE
	EndGlobalSection
	GlobalSection(ExtensibilityGlobals) = postSolution
		SolutionGuid = {5C216805-C0CD-4898-85EB-AC3B37DD2CF6}
	EndGlobalSection
EndGlobal
